// !$*UTF8*$!
{
	archiveVersion = 1;
	classes = {
	};
	objectVersion = 56;
	objects = {

/* Begin PBXBuildFile section */
		852CE97E2CF7773500A84B9E /* UserRowView.swift in Sources */ = {isa = PBXBuildFile; fileRef = 852CE97D2CF7773500A84B9E /* UserRowView.swift */; };
		85636DB52CCCBB5300D91579 /* AsyncAwaitApp.swift in Sources */ = {isa = PBXBuildFile; fileRef = 85636DB42CCCBB5300D91579 /* AsyncAwaitApp.swift */; };
		85636DB72CCCBB5300D91579 /* UserListScreen.swift in Sources */ = {isa = PBXBuildFile; fileRef = 85636DB62CCCBB5300D91579 /* UserListScreen.swift */; };
		85636DB92CCCBB5500D91579 /* Assets.xcassets in Resources */ = {isa = PBXBuildFile; fileRef = 85636DB82CCCBB5500D91579 /* Assets.xcassets */; };
		85636DBC2CCCBB5500D91579 /* Preview Assets.xcassets in Resources */ = {isa = PBXBuildFile; fileRef = 85636DBB2CCCBB5500D91579 /* Preview Assets.xcassets */; };
		85636DC32CCCC19900D91579 /* User.swift in Sources */ = {isa = PBXBuildFile; fileRef = 85636DC22CCCC19800D91579 /* User.swift */; };
		85636DC52CCCC26600D91579 /* Service.swift in Sources */ = {isa = PBXBuildFile; fileRef = 85636DC42CCCC26600D91579 /* Service.swift */; };
		85636DC72CCCC60500D91579 /* UserListViewModel.swift in Sources */ = {isa = PBXBuildFile; fileRef = 85636DC62CCCC60500D91579 /* UserListViewModel.swift */; };
		85E79D272CF774A600AC4BDD /* UserDetailScreen.swift in Sources */ = {isa = PBXBuildFile; fileRef = 85E79D262CF774A600AC4BDD /* UserDetailScreen.swift */; };
/* End PBXBuildFile section */

/* Begin PBXFileReference section */
		852CE97D2CF7773500A84B9E /* UserRowView.swift */ = {isa = PBXFileReference; lastKnownFileType = sourcecode.swift; path = UserRowView.swift; sourceTree = "<group>"; };
		85636DB12CCCBB5300D91579 /* AsyncAwait.app */ = {isa = PBXFileReference; explicitFileType = wrapper.application; includeInIndex = 0; path = AsyncAwait.app; sourceTree = BUILT_PRODUCTS_DIR; };
		85636DB42CCCBB5300D91579 /* AsyncAwaitApp.swift */ = {isa = PBXFileReference; lastKnownFileType = sourcecode.swift; path = AsyncAwaitApp.swift; sourceTree = "<group>"; };
		85636DB62CCCBB5300D91579 /* UserListScreen.swift */ = {isa = PBXFileReference; lastKnownFileType = sourcecode.swift; path = UserListScreen.swift; sourceTree = "<group>"; };
		85636DB82CCCBB5500D91579 /* Assets.xcassets */ = {isa = PBXFileReference; lastKnownFileType = folder.assetcatalog; path = Assets.xcassets; sourceTree = "<group>"; };
		85636DBB2CCCBB5500D91579 /* Preview Assets.xcassets */ = {isa = PBXFileReference; lastKnownFileType = folder.assetcatalog; path = "Preview Assets.xcassets"; sourceTree = "<group>"; };
		85636DC22CCCC19800D91579 /* User.swift */ = {isa = PBXFileReference; lastKnownFileType = sourcecode.swift; path = User.swift; sourceTree = "<group>"; };
		85636DC42CCCC26600D91579 /* Service.swift */ = {isa = PBXFileReference; lastKnownFileType = sourcecode.swift; path = Service.swift; sourceTree = "<group>"; };
		85636DC62CCCC60500D91579 /* UserListViewModel.swift */ = {isa = PBXFileReference; lastKnownFileType = sourcecode.swift; path = UserListViewModel.swift; sourceTree = "<group>"; };
		85E79D262CF774A600AC4BDD /* UserDetailScreen.swift */ = {isa = PBXFileReference; lastKnownFileType = sourcecode.swift; path = UserDetailScreen.swift; sourceTree = "<group>"; };
/* End PBXFileReference section */

/* Begin PBXFrameworksBuildPhase section */
		85636DAE2CCCBB5300D91579 /* Frameworks */ = {
			isa = PBXFrameworksBuildPhase;
			buildActionMask = 2147483647;
			files = (
			);
			runOnlyForDeploymentPostprocessing = 0;
		};
/* End PBXFrameworksBuildPhase section */

/* Begin PBXGroup section */
		852CE97C2CF7772500A84B9E /* Views */ = {
			isa = PBXGroup;
			children = (
				852CE97D2CF7773500A84B9E /* UserRowView.swift */,
			);
			path = Views;
			sourceTree = "<group>";
		};
		85636DA82CCCBB5300D91579 = {
			isa = PBXGroup;
			children = (
				85636DB32CCCBB5300D91579 /* AsyncAwait */,
				85636DB22CCCBB5300D91579 /* Products */,
			);
			sourceTree = "<group>";
		};
		85636DB22CCCBB5300D91579 /* Products */ = {
			isa = PBXGroup;
			children = (
				85636DB12CCCBB5300D91579 /* AsyncAwait.app */,
			);
			name = Products;
			sourceTree = "<group>";
		};
		85636DB32CCCBB5300D91579 /* AsyncAwait */ = {
			isa = PBXGroup;
			children = (
				85636DB42CCCBB5300D91579 /* AsyncAwaitApp.swift */,
				852CE97C2CF7772500A84B9E /* Views */,
				85E79D282CF7756C00AC4BDD /* Model */,
				85E79D232CF7747500AC4BDD /* UserList */,
				85E79D252CF7749100AC4BDD /* UserDetails */,
				85E79D242CF7748000AC4BDD /* Service */,
				85636DB82CCCBB5500D91579 /* Assets.xcassets */,
				85636DBA2CCCBB5500D91579 /* Preview Content */,
			);
			path = AsyncAwait;
			sourceTree = "<group>";
		};
		85636DBA2CCCBB5500D91579 /* Preview Content */ = {
			isa = PBXGroup;
			children = (
				85636DBB2CCCBB5500D91579 /* Preview Assets.xcassets */,
			);
			path = "Preview Content";
			sourceTree = "<group>";
		};
		85E79D232CF7747500AC4BDD /* UserList */ = {
			isa = PBXGroup;
			children = (
				85636DB62CCCBB5300D91579 /* UserListScreen.swift */,
				85636DC62CCCC60500D91579 /* UserListViewModel.swift */,
			);
			path = UserList;
			sourceTree = "<group>";
		};
		85E79D242CF7748000AC4BDD /* Service */ = {
			isa = PBXGroup;
			children = (
				85636DC42CCCC26600D91579 /* Service.swift */,
			);
			path = Service;
			sourceTree = "<group>";
		};
		85E79D252CF7749100AC4BDD /* UserDetails */ = {
			isa = PBXGroup;
			children = (
				85E79D262CF774A600AC4BDD /* UserDetailScreen.swift */,
			);
			path = UserDetails;
			sourceTree = "<group>";
		};
		85E79D282CF7756C00AC4BDD /* Model */ = {
			isa = PBXGroup;
			children = (
				85636DC22CCCC19800D91579 /* User.swift */,
			);
			path = Model;
			sourceTree = "<group>";
		};
/* End PBXGroup section */

/* Begin PBXNativeTarget section */
		85636DB02CCCBB5300D91579 /* AsyncAwait */ = {
			isa = PBXNativeTarget;
			buildConfigurationList = 85636DBF2CCCBB5500D91579 /* Build configuration list for PBXNativeTarget "AsyncAwait" */;
			buildPhases = (
				85636DAD2CCCBB5300D91579 /* Sources */,
				85636DAE2CCCBB5300D91579 /* Frameworks */,
				85636DAF2CCCBB5300D91579 /* Resources */,
			);
			buildRules = (
			);
			dependencies = (
			);
			name = AsyncAwait;
			productName = AsyncAwait;
			productReference = 85636DB12CCCBB5300D91579 /* AsyncAwait.app */;
			productType = "com.apple.product-type.application";
		};
/* End PBXNativeTarget section */

/* Begin PBXProject section */
		85636DA92CCCBB5300D91579 /* Project object */ = {
			isa = PBXProject;
			attributes = {
				BuildIndependentTargetsInParallel = 1;
				LastSwiftUpdateCheck = 1520;
				LastUpgradeCheck = 1520;
				TargetAttributes = {
					85636DB02CCCBB5300D91579 = {
						CreatedOnToolsVersion = 15.2;
					};
				};
			};
			buildConfigurationList = 85636DAC2CCCBB5300D91579 /* Build configuration list for PBXProject "AsyncAwait" */;
			compatibilityVersion = "Xcode 14.0";
			developmentRegion = en;
			hasScannedForEncodings = 0;
			knownRegions = (
				en,
				Base,
			);
			mainGroup = 85636DA82CCCBB5300D91579;
			productRefGroup = 85636DB22CCCBB5300D91579 /* Products */;
			projectDirPath = "";
			projectRoot = "";
			targets = (
				85636DB02CCCBB5300D91579 /* AsyncAwait */,
			);
		};
/* End PBXProject section */

/* Begin PBXResourcesBuildPhase section */
		85636DAF2CCCBB5300D91579 /* Resources */ = {
			isa = PBXResourcesBuildPhase;
			buildActionMask = 2147483647;
			files = (
				85636DBC2CCCBB5500D91579 /* Preview Assets.xcassets in Resources */,
				85636DB92CCCBB5500D91579 /* Assets.xcassets in Resources */,
			);
			runOnlyForDeploymentPostprocessing = 0;
		};
/* End PBXResourcesBuildPhase section */

/* Begin PBXSourcesBuildPhase section */
		85636DAD2CCCBB5300D91579 /* Sources */ = {
			isa = PBXSourcesBuildPhase;
			buildActionMask = 2147483647;
			files = (
				852CE97E2CF7773500A84B9E /* UserRowView.swift in Sources */,
				85636DB72CCCBB5300D91579 /* UserListScreen.swift in Sources */,
				85E79D272CF774A600AC4BDD /* UserDetailScreen.swift in Sources */,
				85636DB52CCCBB5300D91579 /* AsyncAwaitApp.swift in Sources */,
				85636DC32CCCC19900D91579 /* User.swift in Sources */,
				85636DC52CCCC26600D91579 /* Service.swift in Sources */,
				85636DC72CCCC60500D91579 /* UserListViewModel.swift in Sources */,
			);
			runOnlyForDeploymentPostprocessing = 0;
		};
/* End PBXSourcesBuildPhase section */

/* Begin XCBuildConfiguration section */
		85636DBD2CCCBB5500D91579 /* Debug */ = {
			isa = XCBuildConfiguration;
			buildSettings = {
				ALWAYS_SEARCH_USER_PATHS = NO;
				ASSETCATALOG_COMPILER_GENERATE_SWIFT_ASSET_SYMBOL_EXTENSIONS = YES;
				CLANG_ANALYZER_NONNULL = YES;
				CLANG_ANALYZER_NUMBER_OBJECT_CONVERSION = YES_AGGRESSIVE;
				CLANG_CXX_LANGUAGE_STANDARD = "gnu++20";
				CLANG_ENABLE_MODULES = YES;
				CLANG_ENABLE_OBJC_ARC = YES;
				CLANG_ENABLE_OBJC_WEAK = YES;
				CLANG_WARN_BLOCK_CAPTURE_AUTORELEASING = YES;
				CLANG_WARN_BOOL_CONVERSION = YES;
				CLANG_WARN_COMMA = YES;
				CLANG_WARN_CONSTANT_CONVERSION = YES;
				CLANG_WARN_DEPRECATED_OBJC_IMPLEMENTATIONS = YES;
				CLANG_WARN_DIRECT_OBJC_ISA_USAGE = YES_ERROR;
				CLANG_WARN_DOCUMENTATION_COMMENTS = YES;
				CLANG_WARN_EMPTY_BODY = YES;
				CLANG_WARN_ENUM_CONVERSION = YES;
				CLANG_WARN_INFINITE_RECURSION = YES;
				CLANG_WARN_INT_CONVERSION = YES;
				CLANG_WARN_NON_LITERAL_NULL_CONVERSION = YES;
				CLANG_WARN_OBJC_IMPLICIT_RETAIN_SELF = YES;
				CLANG_WARN_OBJC_LITERAL_CONVERSION = YES;
				CLANG_WARN_OBJC_ROOT_CLASS = YES_ERROR;
				CLANG_WARN_QUOTED_INCLUDE_IN_FRAMEWORK_HEADER = YES;
				CLANG_WARN_RANGE_LOOP_ANALYSIS = YES;
				CLANG_WARN_STRICT_PROTOTYPES = YES;
				CLANG_WARN_SUSPICIOUS_MOVE = YES;
				CLANG_WARN_UNGUARDED_AVAILABILITY = YES_AGGRESSIVE;
				CLANG_WARN_UNREACHABLE_CODE = YES;
				CLANG_WARN__DUPLICATE_METHOD_MATCH = YES;
				COPY_PHASE_STRIP = NO;
				DEBUG_INFORMATION_FORMAT = dwarf;
				ENABLE_STRICT_OBJC_MSGSEND = YES;
				ENABLE_TESTABILITY = YES;
				ENABLE_USER_SCRIPT_SANDBOXING = YES;
				GCC_C_LANGUAGE_STANDARD = gnu17;
				GCC_DYNAMIC_NO_PIC = NO;
				GCC_NO_COMMON_BLOCKS = YES;
				GCC_OPTIMIZATION_LEVEL = 0;
				GCC_PREPROCESSOR_DEFINITIONS = (
					"DEBUG=1",
					"$(inherited)",
				);
				GCC_WARN_64_TO_32_BIT_CONVERSION = YES;
				GCC_WARN_ABOUT_RETURN_TYPE = YES_ERROR;
				GCC_WARN_UNDECLARED_SELECTOR = YES;
				GCC_WARN_UNINITIALIZED_AUTOS = YES_AGGRESSIVE;
				GCC_WARN_UNUSED_FUNCTION = YES;
				GCC_WARN_UNUSED_VARIABLE = YES;
				IPHONEOS_DEPLOYMENT_TARGET = 17.2;
				LOCALIZATION_PREFERS_STRING_CATALOGS = YES;
				MTL_ENABLE_DEBUG_INFO = INCLUDE_SOURCE;
				MTL_FAST_MATH = YES;
				ONLY_ACTIVE_ARCH = YES;
				SDKROOT = iphoneos;
				SWIFT_ACTIVE_COMPILATION_CONDITIONS = "DEBUG $(inherited)";
				SWIFT_OPTIMIZATION_LEVEL = "-Onone";
			};
			name = Debug;
		};
		85636DBE2CCCBB5500D91579 /* Release */ = {
			isa = XCBuildConfiguration;
			buildSettings = {
				ALWAYS_SEARCH_USER_PATHS = NO;
				ASSETCATALOG_COMPILER_GENERATE_SWIFT_ASSET_SYMBOL_EXTENSIONS = YES;
				CLANG_ANALYZER_NONNULL = YES;
				CLANG_ANALYZER_NUMBER_OBJECT_CONVERSION = YES_AGGRESSIVE;
				CLANG_CXX_LANGUAGE_STANDARD = "gnu++20";
				CLANG_ENABLE_MODULES = YES;
				CLANG_ENABLE_OBJC_ARC = YES;
				CLANG_ENABLE_OBJC_WEAK = YES;
				CLANG_WARN_BLOCK_CAPTURE_AUTORELEASING = YES;
				CLANG_WARN_BOOL_CONVERSION = YES;
				CLANG_WARN_COMMA = YES;
				CLANG_WARN_CONSTANT_CONVERSION = YES;
				CLANG_WARN_DEPRECATED_OBJC_IMPLEMENTATIONS = YES;
				CLANG_WARN_DIRECT_OBJC_ISA_USAGE = YES_ERROR;
				CLANG_WARN_DOCUMENTATION_COMMENTS = YES;
				CLANG_WARN_EMPTY_BODY = YES;
				CLANG_WARN_ENUM_CONVERSION = YES;
				CLANG_WARN_INFINITE_RECURSION = YES;
				CLANG_WARN_INT_CONVERSION = YES;
				CLANG_WARN_NON_LITERAL_NULL_CONVERSION = YES;
				CLANG_WARN_OBJC_IMPLICIT_RETAIN_SELF = YES;
				CLANG_WARN_OBJC_LITERAL_CONVERSION = YES;
				CLANG_WARN_OBJC_ROOT_CLASS = YES_ERROR;
				CLANG_WARN_QUOTED_INCLUDE_IN_FRAMEWORK_HEADER = YES;
				CLANG_WARN_RANGE_LOOP_ANALYSIS = YES;
				CLANG_WARN_STRICT_PROTOTYPES = YES;
				CLANG_WARN_SUSPICIOUS_MOVE = YES;
				CLANG_WARN_UNGUARDED_AVAILABILITY = YES_AGGRESSIVE;
				CLANG_WARN_UNREACHABLE_CODE = YES;
				CLANG_WARN__DUPLICATE_METHOD_MATCH = YES;
				COPY_PHASE_STRIP = NO;
				DEBUG_INFORMATION_FORMAT = "dwarf-with-dsym";
				ENABLE_NS_ASSERTIONS = NO;
				ENABLE_STRICT_OBJC_MSGSEND = YES;
				ENABLE_USER_SCRIPT_SANDBOXING = YES;
				GCC_C_LANGUAGE_STANDARD = gnu17;
				GCC_NO_COMMON_BLOCKS = YES;
				GCC_WARN_64_TO_32_BIT_CONVERSION = YES;
				GCC_WARN_ABOUT_RETURN_TYPE = YES_ERROR;
				GCC_WARN_UNDECLARED_SELECTOR = YES;
				GCC_WARN_UNINITIALIZED_AUTOS = YES_AGGRESSIVE;
				GCC_WARN_UNUSED_FUNCTION = YES;
				GCC_WARN_UNUSED_VARIABLE = YES;
				IPHONEOS_DEPLOYMENT_TARGET = 17.2;
				LOCALIZATION_PREFERS_STRING_CATALOGS = YES;
				MTL_ENABLE_DEBUG_INFO = NO;
				MTL_FAST_MATH = YES;
				SDKROOT = iphoneos;
				SWIFT_COMPILATION_MODE = wholemodule;
				VALIDATE_PRODUCT = YES;
			};
			name = Release;
		};
		85636DC02CCCBB5500D91579 /* Debug */ = {
			isa = XCBuildConfiguration;
			buildSettings = {
				ASSETCATALOG_COMPILER_APPICON_NAME = AppIcon;
				ASSETCATALOG_COMPILER_GLOBAL_ACCENT_COLOR_NAME = AccentColor;
				CODE_SIGN_STYLE = Automatic;
				CURRENT_PROJECT_VERSION = 1;
				DEVELOPMENT_ASSET_PATHS = "\"AsyncAwait/Preview Content\"";
				DEVELOPMENT_TEAM = E27K7XB47V;
				ENABLE_PREVIEWS = YES;
				GENERATE_INFOPLIST_FILE = YES;
				INFOPLIST_KEY_UIApplicationSceneManifest_Generation = YES;
				INFOPLIST_KEY_UIApplicationSupportsIndirectInputEvents = YES;
				INFOPLIST_KEY_UILaunchScreen_Generation = YES;
				INFOPLIST_KEY_UISupportedInterfaceOrientations_iPad = "UIInterfaceOrientationPortrait UIInterfaceOrientationPortraitUpsideDown UIInterfaceOrientationLandscapeLeft UIInterfaceOrientationLandscapeRight";
				INFOPLIST_KEY_UISupportedInterfaceOrientations_iPhone = "UIInterfaceOrientationPortrait UIInterfaceOrientationLandscapeLeft UIInterfaceOrientationLandscapeRight";
				LD_RUNPATH_SEARCH_PATHS = (
					"$(inherited)",
					"@executable_path/Frameworks",
				);
				MARKETING_VERSION = 1.0;
				PRODUCT_BUNDLE_IDENTIFIER = com.iosmantra.AsyncAwait;
				PRODUCT_NAME = "$(TARGET_NAME)";
				SWIFT_EMIT_LOC_STRINGS = YES;
				SWIFT_VERSION = 5.0;
				TARGETED_DEVICE_FAMILY = "1,2";
			};
			name = Debug;
		};
		85636DC12CCCBB5500D91579 /* Release */ = {
			isa = XCBuildConfiguration;
			buildSettings = {
				ASSETCATALOG_COMPILER_APPICON_NAME = AppIcon;
				ASSETCATALOG_COMPILER_GLOBAL_ACCENT_COLOR_NAME = AccentColor;
				CODE_SIGN_STYLE = Automatic;
				CURRENT_PROJECT_VERSION = 1;
				DEVELOPMENT_ASSET_PATHS = "\"AsyncAwait/Preview Content\"";
				DEVELOPMENT_TEAM = E27K7XB47V;
				ENABLE_PREVIEWS = YES;
				GENERATE_INFOPLIST_FILE = YES;
				INFOPLIST_KEY_UIApplicationSceneManifest_Generation = YES;
				INFOPLIST_KEY_UIApplicationSupportsIndirectInputEvents = YES;
				INFOPLIST_KEY_UILaunchScreen_Generation = YES;
				INFOPLIST_KEY_UISupportedInterfaceOrientations_iPad = "UIInterfaceOrientationPortrait UIInterfaceOrientationPortraitUpsideDown UIInterfaceOrientationLandscapeLeft UIInterfaceOrientationLandscapeRight";
				INFOPLIST_KEY_UISupportedInterfaceOrientations_iPhone = "UIInterfaceOrientationPortrait UIInterfaceOrientationLandscapeLeft UIInterfaceOrientationLandscapeRight";
				LD_RUNPATH_SEARCH_PATHS = (
					"$(inherited)",
					"@executable_path/Frameworks",
				);
				MARKETING_VERSION = 1.0;
				PRODUCT_BUNDLE_IDENTIFIER = com.iosmantra.AsyncAwait;
				PRODUCT_NAME = "$(TARGET_NAME)";
				SWIFT_EMIT_LOC_STRINGS = YES;
				SWIFT_VERSION = 5.0;
				TARGETED_DEVICE_FAMILY = "1,2";
			};
			name = Release;
		};
/* End XCBuildConfiguration section */

/* Begin XCConfigurationList section */
		85636DAC2CCCBB5300D91579 /* Build configuration list for PBXProject "AsyncAwait" */ = {
			isa = XCConfigurationList;
			buildConfigurations = (
				85636DBD2CCCBB5500D91579 /* Debug */,
				85636DBE2CCCBB5500D91579 /* Release */,
			);
			defaultConfigurationIsVisible = 0;
			defaultConfigurationName = Release;
		};
		85636DBF2CCCBB5500D91579 /* Build configuration list for PBXNativeTarget "AsyncAwait" */ = {
			isa = XCConfigurationList;
			buildConfigurations = (
				85636DC02CCCBB5500D91579 /* Debug */,
				85636DC12CCCBB5500D91579 /* Release */,
			);
			defaultConfigurationIsVisible = 0;
			defaultConfigurationName = Release;
		};
/* End XCConfigurationList section */
	};
	rootObject = 85636DA92CCCBB5300D91579 /* Project object */;
}
